
Microsoft Visual Studio Solution File, Format Version 11.00
# Visual Studio 2010
Project("{FAE04EC0-301F-11D3-BF4B-00C04F79EFBC}") = "MobiclipDecoder", "MobiclipDecoder\MobiclipDecoder.csproj", "{939182F4-A218-4A4F-A2CE-C831DA71976E}"
EndProject
Global
	GlobalSection(SolutionConfigurationPlatforms) = preSolution
		Debug|x86 = Debug|x86
		Release|x86 = Release|x86
	EndGlobalSection
	GlobalSection(ProjectConfigurationPlatforms) = postSolution
		{939182F4-A218-4A4F-A2CE-C831DA71976E}.Debug|x86.ActiveCfg = Debug|x86
		{939182F4-A218-4A4F-A2CE-C831DA71976E}.Debug|x86.Build.0 = Debug|x86
		{939182F4-A218-4A4F-A2CE-C831DA71976E}.Release|x86.ActiveCfg = Release|x86
		{939182F4-A218-4A4F-A2CE-C831DA71976E}.Release|x86.Build.0 = Release|x86
	EndGlobalSection
	GlobalSection(SolutionProperties) = preSolution
		HideSolutionNode = FALSE
	EndGlobalSection
EndGlobal
